
Microsoft Visual Studio Solution File, Format Version 12.00
# Visual Studio 15
VisualStudioVersion = 15.0.27428.2011
MinimumVisualStudioVersion = 10.0.40219.1
Project("{FAE04EC0-301F-11D3-BF4B-00C04F79EFBC}") = "Kata", "ConsoleApp1\Kata.csproj", "{C14CAA25-AECD-46FD-98ED-B317FD3FEE60}"
EndProject
Global
	GlobalSection(SolutionConfigurationPlatforms) = preSolution
		Debug|Any CPU = Debug|Any CPU
		Release|Any CPU = Release|Any CPU
	EndGlobalSection
	GlobalSection(ProjectConfigurationPlatforms) = postSolution
		{C14CAA25-AECD-46FD-98ED-B317FD3FEE60}.Debug|Any CPU.ActiveCfg = Debug|Any CPU
		{C14CAA25-AECD-46FD-98ED-B317FD3FEE60}.Debug|Any CPU.Build.0 = Debug|Any CPU
		{C14CAA25-AECD-46FD-98ED-B317FD3FEE60}.Release|Any CPU.ActiveCfg = Release|Any CPU
		{C14CAA25-AECD-46FD-98ED-B317FD3FEE60}.Release|Any CPU.Build.0 = Release|Any CPU
	EndGlobalSection
	GlobalSection(SolutionProperties) = preSolution
		HideSolutionNode = FALSE
	EndGlobalSection
	GlobalSection(ExtensibilityGlobals) = postSolution
		SolutionGuid = {0C5B35F9-8556-4B98-9B82-E5D4B3F45CD9}
	EndGlobalSection
EndGlobal
